
Microsoft Visual Studio Solution File, Format Version 12.00
# Visual Studio 2013
Project("{FAE04EC0-301F-11D3-BF4B-00C04F79EFBC}") = "UnityVS.ToiletPetController.CSharp", "UnityVS.ToiletPetController.CSharp.csproj", "{ECAE2740-3A30-4023-EE30-C574BA6B14DD}"
EndProject
Project("{FAE04EC0-301F-11D3-BF4B-00C04F79EFBC}") = "UnityVS.ToiletPetController.CSharp.Editor", "UnityVS.ToiletPetController.CSharp.Editor.csproj", "{74B9575E-3685-8DFD-D641-A12DE68EF9F5}"
EndProject
Global
	GlobalSection(SolutionConfigurationPlatforms) = preSolution
		Debug|Any CPU = Debug|Any CPU
		Release|Any CPU = Release|Any CPU
	EndGlobalSection
	GlobalSection(ProjectConfigurationPlatforms) = postSolution
		{ECAE2740-3A30-4023-EE30-C574BA6B14DD}.Debug|Any CPU.ActiveCfg = Debug|Any CPU
		{ECAE2740-3A30-4023-EE30-C574BA6B14DD}.Debug|Any CPU.Build.0 = Debug|Any CPU
		{ECAE2740-3A30-4023-EE30-C574BA6B14DD}.Release|Any CPU.ActiveCfg = Release|Any CPU
		{ECAE2740-3A30-4023-EE30-C574BA6B14DD}.Release|Any CPU.Build.0 = Release|Any CPU
		{74B9575E-3685-8DFD-D641-A12DE68EF9F5}.Debug|Any CPU.ActiveCfg = Debug|Any CPU
		{74B9575E-3685-8DFD-D641-A12DE68EF9F5}.Debug|Any CPU.Build.0 = Debug|Any CPU
		{74B9575E-3685-8DFD-D641-A12DE68EF9F5}.Release|Any CPU.ActiveCfg = Release|Any CPU
		{74B9575E-3685-8DFD-D641-A12DE68EF9F5}.Release|Any CPU.Build.0 = Release|Any CPU
	EndGlobalSection
	GlobalSection(SolutionProperties) = preSolution
		HideSolutionNode = FALSE
	EndGlobalSection
EndGlobal
